{
  "requires": true,
  "lockfileVersion": 1,
  "dependencies": {
    "browsersync": {
      "version": "0.0.1-security",
      "resolved": "https://registry.npmjs.org/browsersync/-/browsersync-0.0.1-security.tgz",
      "integrity": "sha1-6IX+Q1TS7FpWXDjEwr8KASrWSGA=",
      "dev": true
    }
  }
}
